
Microsoft Visual Studio Solution File, Format Version 12.00
# Visual Studio Version 16
VisualStudioVersion = 16.0.30011.22
MinimumVisualStudioVersion = 10.0.40219.1
Project("{F184B08F-C81C-45F6-A57F-5ABD9991F28F}") = "AspNetAngularWebForms", "AspNetAngularWebForms\AspNetAngularWebForms.vbproj", "{CD8E53D2-B177-494B-AE08-1CEEF98E43D7}"
EndProject
Project("{F184B08F-C81C-45F6-A57F-5ABD9991F28F}") = "AspNetAngularMVC", "AspNetAngularMVC\AspNetAngularMVC.vbproj", "{79B4D066-EE68-474F-9BF5-A5A1B1C960D4}"
EndProject
Project("{FAE04EC0-301F-11D3-BF4B-00C04F79EFBC}") = "AspNetAngularCore", "AspNetAngularCore\AspNetAngularCore.csproj", "{82F5F6B5-5978-4F9D-9133-A9CD2ED86AE2}"
EndProject
Global
	GlobalSection(SolutionConfigurationPlatforms) = preSolution
		Debug|Any CPU = Debug|Any CPU
		Release|Any CPU = Release|Any CPU
	EndGlobalSection
	GlobalSection(ProjectConfigurationPlatforms) = postSolution
		{CD8E53D2-B177-494B-AE08-1CEEF98E43D7}.Debug|Any CPU.ActiveCfg = Debug|Any CPU
		{CD8E53D2-B177-494B-AE08-1CEEF98E43D7}.Debug|Any CPU.Build.0 = Debug|Any CPU
		{CD8E53D2-B177-494B-AE08-1CEEF98E43D7}.Release|Any CPU.ActiveCfg = Release|Any CPU
		{CD8E53D2-B177-494B-AE08-1CEEF98E43D7}.Release|Any CPU.Build.0 = Release|Any CPU
		{79B4D066-EE68-474F-9BF5-A5A1B1C960D4}.Debug|Any CPU.ActiveCfg = Debug|Any CPU
		{79B4D066-EE68-474F-9BF5-A5A1B1C960D4}.Debug|Any CPU.Build.0 = Debug|Any CPU
		{79B4D066-EE68-474F-9BF5-A5A1B1C960D4}.Release|Any CPU.ActiveCfg = Release|Any CPU
		{79B4D066-EE68-474F-9BF5-A5A1B1C960D4}.Release|Any CPU.Build.0 = Release|Any CPU
		{82F5F6B5-5978-4F9D-9133-A9CD2ED86AE2}.Debug|Any CPU.ActiveCfg = Debug|Any CPU
		{82F5F6B5-5978-4F9D-9133-A9CD2ED86AE2}.Debug|Any CPU.Build.0 = Debug|Any CPU
		{82F5F6B5-5978-4F9D-9133-A9CD2ED86AE2}.Release|Any CPU.ActiveCfg = Release|Any CPU
		{82F5F6B5-5978-4F9D-9133-A9CD2ED86AE2}.Release|Any CPU.Build.0 = Release|Any CPU
	EndGlobalSection
	GlobalSection(SolutionProperties) = preSolution
		HideSolutionNode = FALSE
	EndGlobalSection
	GlobalSection(ExtensibilityGlobals) = postSolution
		SolutionGuid = {08EA1831-97A6-4036-90D6-B1CBBDC7FE80}
	EndGlobalSection
EndGlobal
